{
  "name": "my-slidev-presentations",
  "version": "1.0.0",
  "lockfileVersion": 3,
  "requires": true,
  "packages": {
    "": {
      "name": "my-slidev-presentations",
      "version": "1.0.0",
      "license": "MIT",
      "dependencies": {
        "@slidev/cli": "52.0.0",
        "@slidev/theme-default": "*",
        "vue": "^3.4.31"
      },
      "devDependencies": {
        "playwright-chromium": "^1.45.1"
      }
    }
  }
}
